
Microsoft Visual Studio Solution File, Format Version 12.00
# Visual Studio Version 16
VisualStudioVersion = 16.0.29411.138
MinimumVisualStudioVersion = 10.0.40219.1
Project("{FAE04EC0-301F-11D3-BF4B-00C04F79EFBC}") = "Serverless.App.Server", "Serverless.App\Server\Serverless.App.Server.csproj", "{349CD9A8-ED69-4888-BD39-66E3B7512261}"
EndProject
Project("{FAE04EC0-301F-11D3-BF4B-00C04F79EFBC}") = "Serverless.App.Client", "Serverless.App\Client\Serverless.App.Client.csproj", "{11DE55B7-A02E-483E-9BDA-7F9F6116FDB7}"
EndProject
Project("{FAE04EC0-301F-11D3-BF4B-00C04F79EFBC}") = "Serverless.App.Shared", "Serverless.App\Shared\Serverless.App.Shared.csproj", "{61F896FE-BDD1-488F-9DB9-DD97A169A5D1}"
EndProject
Global
	GlobalSection(SolutionConfigurationPlatforms) = preSolution
		Debug|Any CPU = Debug|Any CPU
		Release|Any CPU = Release|Any CPU
	EndGlobalSection
	GlobalSection(ProjectConfigurationPlatforms) = postSolution
		{349CD9A8-ED69-4888-BD39-66E3B7512261}.Debug|Any CPU.ActiveCfg = Debug|Any CPU
		{349CD9A8-ED69-4888-BD39-66E3B7512261}.Debug|Any CPU.Build.0 = Debug|Any CPU
		{349CD9A8-ED69-4888-BD39-66E3B7512261}.Release|Any CPU.ActiveCfg = Release|Any CPU
		{349CD9A8-ED69-4888-BD39-66E3B7512261}.Release|Any CPU.Build.0 = Release|Any CPU
		{11DE55B7-A02E-483E-9BDA-7F9F6116FDB7}.Debug|Any CPU.ActiveCfg = Debug|Any CPU
		{11DE55B7-A02E-483E-9BDA-7F9F6116FDB7}.Debug|Any CPU.Build.0 = Debug|Any CPU
		{11DE55B7-A02E-483E-9BDA-7F9F6116FDB7}.Release|Any CPU.ActiveCfg = Release|Any CPU
		{11DE55B7-A02E-483E-9BDA-7F9F6116FDB7}.Release|Any CPU.Build.0 = Release|Any CPU
		{61F896FE-BDD1-488F-9DB9-DD97A169A5D1}.Debug|Any CPU.ActiveCfg = Debug|Any CPU
		{61F896FE-BDD1-488F-9DB9-DD97A169A5D1}.Debug|Any CPU.Build.0 = Debug|Any CPU
		{61F896FE-BDD1-488F-9DB9-DD97A169A5D1}.Release|Any CPU.ActiveCfg = Release|Any CPU
		{61F896FE-BDD1-488F-9DB9-DD97A169A5D1}.Release|Any CPU.Build.0 = Release|Any CPU
	EndGlobalSection
	GlobalSection(SolutionProperties) = preSolution
		HideSolutionNode = FALSE
	EndGlobalSection
	GlobalSection(ExtensibilityGlobals) = postSolution
		SolutionGuid = {AB6B798A-6211-4A7D-AB65-E2B2FFD69863}
	EndGlobalSection
EndGlobal
